
Microsoft Visual Studio Solution File, Format Version 12.00
# Visual Studio 15
VisualStudioVersion = 15.0.27703.2000
MinimumVisualStudioVersion = 10.0.40219.1
Project("{FAE04EC0-301F-11D3-BF4B-00C04F79EFBC}") = "Switch statements", "Switch statements\Switch statements.csproj", "{16705452-65DB-4C75-AD40-32868961AFAB}"
EndProject
Global
	GlobalSection(SolutionConfigurationPlatforms) = preSolution
		Debug|Any CPU = Debug|Any CPU
		Release|Any CPU = Release|Any CPU
	EndGlobalSection
	GlobalSection(ProjectConfigurationPlatforms) = postSolution
		{16705452-65DB-4C75-AD40-32868961AFAB}.Debug|Any CPU.ActiveCfg = Debug|Any CPU
		{16705452-65DB-4C75-AD40-32868961AFAB}.Debug|Any CPU.Build.0 = Debug|Any CPU
		{16705452-65DB-4C75-AD40-32868961AFAB}.Release|Any CPU.ActiveCfg = Release|Any CPU
		{16705452-65DB-4C75-AD40-32868961AFAB}.Release|Any CPU.Build.0 = Release|Any CPU
	EndGlobalSection
	GlobalSection(SolutionProperties) = preSolution
		HideSolutionNode = FALSE
	EndGlobalSection
	GlobalSection(ExtensibilityGlobals) = postSolution
		SolutionGuid = {1F3748AB-EAE0-4AC8-9E81-F3BB8E262D26}
	EndGlobalSection
EndGlobal
